// !$*UTF8*$!
{
	archiveVersion = 1;
	classes = {
	};
	objectVersion = 46;
	objects = {

/* Begin PBXBuildFile section */
		668E95361EE357E40088280A /* AppDelegate.swift in Sources */ = {isa = PBXBuildFile; fileRef = 668E95351EE357E40088280A /* AppDelegate.swift */; };
		668E95381EE357E40088280A /* ViewController.swift in Sources */ = {isa = PBXBuildFile; fileRef = 668E95371EE357E40088280A /* ViewController.swift */; };
		668E953B1EE357E40088280A /* Main.storyboard in Resources */ = {isa = PBXBuildFile; fileRef = 668E95391EE357E40088280A /* Main.storyboard */; };
		668E953D1EE357E50088280A /* Assets.xcassets in Resources */ = {isa = PBXBuildFile; fileRef = 668E953C1EE357E50088280A /* Assets.xcassets */; };
		668E95401EE357E50088280A /* LaunchScreen.storyboard in Resources */ = {isa = PBXBuildFile; fileRef = 668E953E1EE357E50088280A /* LaunchScreen.storyboard */; };
		668E954B1EE357E50088280A /* HelloWorldTests.swift in Sources */ = {isa = PBXBuildFile; fileRef = 668E954A1EE357E50088280A /* HelloWorldTests.swift */; };
		668E95561EE357E50088280A /* HelloWorldUITests.swift in Sources */ = {isa = PBXBuildFile; fileRef = 668E95551EE357E50088280A /* HelloWorldUITests.swift */; };
/* End PBXBuildFile section */

/* Begin PBXContainerItemProxy section */
		668E95471EE357E50088280A /* PBXContainerItemProxy */ = {
			isa = PBXContainerItemProxy;
			containerPortal = 668E952A1EE357E40088280A /* Project object */;
			proxyType = 1;
			remoteGlobalIDString = 668E95311EE357E40088280A;
			remoteInfo = HelloWorld;
		};
		668E95521EE357E50088280A /* PBXContainerItemProxy */ = {
			isa = PBXContainerItemProxy;
			containerPortal = 668E952A1EE357E40088280A /* Project object */;
			proxyType = 1;
			remoteGlobalIDString = 668E95311EE357E40088280A;
			remoteInfo = HelloWorld;
		};
/* End PBXContainerItemProxy section */

/* Begin PBXFileReference section */
		668E95321EE357E40088280A /* HelloWorld.app */ = {isa = PBXFileReference; explicitFileType = wrapper.application; includeInIndex = 0; path = HelloWorld.app; sourceTree = BUILT_PRODUCTS_DIR; };
		668E95351EE357E40088280A /* AppDelegate.swift */ = {isa = PBXFileReference; lastKnownFileType = sourcecode.swift; path = AppDelegate.swift; sourceTree = "<group>"; };
		668E95371EE357E40088280A /* ViewController.swift */ = {isa = PBXFileReference; lastKnownFileType = sourcecode.swift; path = ViewController.swift; sourceTree = "<group>"; };
		668E953A1EE357E40088280A /* Base */ = {isa = PBXFileReference; lastKnownFileType = file.storyboard; name = Base; path = Base.lproj/Main.storyboard; sourceTree = "<group>"; };
		668E953C1EE357E50088280A /* Assets.xcassets */ = {isa = PBXFileReference; lastKnownFileType = folder.assetcatalog; path = Assets.xcassets; sourceTree = "<group>"; };
		668E953F1EE357E50088280A /* Base */ = {isa = PBXFileReference; lastKnownFileType = file.storyboard; name = Base; path = Base.lproj/LaunchScreen.storyboard; sourceTree = "<group>"; };
		668E95411EE357E50088280A /* Info.plist */ = {isa = PBXFileReference; lastKnownFileType = text.plist.xml; path = Info.plist; sourceTree = "<group>"; };
		668E95461EE357E50088280A /* HelloWorldTests.xctest */ = {isa = PBXFileReference; explicitFileType = wrapper.cfbundle; includeInIndex = 0; path = HelloWorldTests.xctest; sourceTree = BUILT_PRODUCTS_DIR; };
		668E954A1EE357E50088280A /* HelloWorldTests.swift */ = {isa = PBXFileReference; lastKnownFileType = sourcecode.swift; path = HelloWorldTests.swift; sourceTree = "<group>"; };
		668E954C1EE357E50088280A /* Info.plist */ = {isa = PBXFileReference; lastKnownFileType = text.plist.xml; path = Info.plist; sourceTree = "<group>"; };
		668E95511EE357E50088280A /* HelloWorldUITests.xctest */ = {isa = PBXFileReference; explicitFileType = wrapper.cfbundle; includeInIndex = 0; path = HelloWorldUITests.xctest; sourceTree = BUILT_PRODUCTS_DIR; };
		668E95551EE357E50088280A /* HelloWorldUITests.swift */ = {isa = PBXFileReference; lastKnownFileType = sourcecode.swift; path = HelloWorldUITests.swift; sourceTree = "<group>"; };
		668E95571EE357E50088280A /* Info.plist */ = {isa = PBXFileReference; lastKnownFileType = text.plist.xml; path = Info.plist; sourceTree = "<group>"; };
/* End PBXFileReference section */

/* Begin PBXFrameworksBuildPhase section */
		668E952F1EE357E40088280A /* Frameworks */ = {
			isa = PBXFrameworksBuildPhase;
			buildActionMask = 2147483647;
			files = (
			);
			runOnlyForDeploymentPostprocessing = 0;
		};
		668E95431EE357E50088280A /* Frameworks */ = {
			isa = PBXFrameworksBuildPhase;
			buildActionMask = 2147483647;
			files = (
			);
			runOnlyForDeploymentPostprocessing = 0;
		};
		668E954E1EE357E50088280A /* Frameworks */ = {
			isa = PBXFrameworksBuildPhase;
			buildActionMask = 2147483647;
			files = (
			);
			runOnlyForDeploymentPostprocessing = 0;
		};
/* End PBXFrameworksBuildPhase section */

/* Begin PBXGroup section */
		668E95291EE357E40088280A = {
			isa = PBXGroup;
			children = (
				668E95341EE357E40088280A /* HelloWorld */,
				668E95491EE357E50088280A /* HelloWorldTests */,
				668E95541EE357E50088280A /* HelloWorldUITests */,
				668E95331EE357E40088280A /* Products */,
			);
			sourceTree = "<group>";
		};
		668E95331EE357E40088280A /* Products */ = {
			isa = PBXGroup;
			children = (
				668E95321EE357E40088280A /* HelloWorld.app */,
				668E95461EE357E50088280A /* HelloWorldTests.xctest */,
				668E95511EE357E50088280A /* HelloWorldUITests.xctest */,
			);
			name = Products;
			sourceTree = "<group>";
		};
		668E95341EE357E40088280A /* HelloWorld */ = {
			isa = PBXGroup;
			children = (
				668E95351EE357E40088280A /* AppDelegate.swift */,
				668E95371EE357E40088280A /* ViewController.swift */,
				668E95391EE357E40088280A /* Main.storyboard */,
				668E953C1EE357E50088280A /* Assets.xcassets */,
				668E953E1EE357E50088280A /* LaunchScreen.storyboard */,
				668E95411EE357E50088280A /* Info.plist */,
			);
			path = HelloWorld;
			sourceTree = "<group>";
		};
		668E95491EE357E50088280A /* HelloWorldTests */ = {
			isa = PBXGroup;
			children = (
				668E954A1EE357E50088280A /* HelloWorldTests.swift */,
				668E954C1EE357E50088280A /* Info.plist */,
			);
			path = HelloWorldTests;
			sourceTree = "<group>";
		};
		668E95541EE357E50088280A /* HelloWorldUITests */ = {
			isa = PBXGroup;
			children = (
				668E95551EE357E50088280A /* HelloWorldUITests.swift */,
				668E95571EE357E50088280A /* Info.plist */,
			);
			path = HelloWorldUITests;
			sourceTree = "<group>";
		};
/* End PBXGroup section */

/* Begin PBXNativeTarget section */
		668E95311EE357E40088280A /* HelloWorld */ = {
			isa = PBXNativeTarget;
			buildConfigurationList = 668E955A1EE357E50088280A /* Build configuration list for PBXNativeTarget "HelloWorld" */;
			buildPhases = (
				668E952E1EE357E40088280A /* Sources */,
				668E952F1EE357E40088280A /* Frameworks */,
				668E95301EE357E40088280A /* Resources */,
			);
			buildRules = (
			);
			dependencies = (
			);
			name = HelloWorld;
			productName = HelloWorld;
			productReference = 668E95321EE357E40088280A /* HelloWorld.app */;
			productType = "com.apple.product-type.application";
		};
		668E95451EE357E50088280A /* HelloWorldTests */ = {
			isa = PBXNativeTarget;
			buildConfigurationList = 668E955D1EE357E50088280A /* Build configuration list for PBXNativeTarget "HelloWorldTests" */;
			buildPhases = (
				668E95421EE357E50088280A /* Sources */,
				668E95431EE357E50088280A /* Frameworks */,
				668E95441EE357E50088280A /* Resources */,
			);
			buildRules = (
			);
			dependencies = (
				668E95481EE357E50088280A /* PBXTargetDependency */,
			);
			name = HelloWorldTests;
			productName = HelloWorldTests;
			productReference = 668E95461EE357E50088280A /* HelloWorldTests.xctest */;
			productType = "com.apple.product-type.bundle.unit-test";
		};
		668E95501EE357E50088280A /* HelloWorldUITests */ = {
			isa = PBXNativeTarget;
			buildConfigurationList = 668E95601EE357E50088280A /* Build configuration list for PBXNativeTarget "HelloWorldUITests" */;
			buildPhases = (
				668E954D1EE357E50088280A /* Sources */,
				668E954E1EE357E50088280A /* Frameworks */,
				668E954F1EE357E50088280A /* Resources */,
			);
			buildRules = (
			);
			dependencies = (
				668E95531EE357E50088280A /* PBXTargetDependency */,
			);
			name = HelloWorldUITests;
			productName = HelloWorldUITests;
			productReference = 668E95511EE357E50088280A /* HelloWorldUITests.xctest */;
			productType = "com.apple.product-type.bundle.ui-testing";
		};
/* End PBXNativeTarget section */

/* Begin PBXProject section */
		668E952A1EE357E40088280A /* Project object */ = {
			isa = PBXProject;
			attributes = {
				LastSwiftUpdateCheck = 0830;
				LastUpgradeCheck = 0830;
				ORGANIZATIONNAME = rdConcepts;
				TargetAttributes = {
					668E95311EE357E40088280A = {
						CreatedOnToolsVersion = 8.3.2;
						ProvisioningStyle = Automatic;
					};
					668E95451EE357E50088280A = {
						CreatedOnToolsVersion = 8.3.2;
						ProvisioningStyle = Automatic;
						TestTargetID = 668E95311EE357E40088280A;
					};
					668E95501EE357E50088280A = {
						CreatedOnToolsVersion = 8.3.2;
						ProvisioningStyle = Automatic;
						TestTargetID = 668E95311EE357E40088280A;
					};
				};
			};
			buildConfigurationList = 668E952D1EE357E40088280A /* Build configuration list for PBXProject "HelloWorld" */;
			compatibilityVersion = "Xcode 3.2";
			developmentRegion = English;
			hasScannedForEncodings = 0;
			knownRegions = (
				en,
				Base,
			);
			mainGroup = 668E95291EE357E40088280A;
			productRefGroup = 668E95331EE357E40088280A /* Products */;
			projectDirPath = "";
			projectRoot = "";
			targets = (
				668E95311EE357E40088280A /* HelloWorld */,
				668E95451EE357E50088280A /* HelloWorldTests */,
				668E95501EE357E50088280A /* HelloWorldUITests */,
			);
		};
/* End PBXProject section */

/* Begin PBXResourcesBuildPhase section */
		668E95301EE357E40088280A /* Resources */ = {
			isa = PBXResourcesBuildPhase;
			buildActionMask = 2147483647;
			files = (
				668E95401EE357E50088280A /* LaunchScreen.storyboard in Resources */,
				668E953D1EE357E50088280A /* Assets.xcassets in Resources */,
				668E953B1EE357E40088280A /* Main.storyboard in Resources */,
			);
			runOnlyForDeploymentPostprocessing = 0;
		};
		668E95441EE357E50088280A /* Resources */ = {
			isa = PBXResourcesBuildPhase;
			buildActionMask = 2147483647;
			files = (
			);
			runOnlyForDeploymentPostprocessing = 0;
		};
		668E954F1EE357E50088280A /* Resources */ = {
			isa = PBXResourcesBuildPhase;
			buildActionMask = 2147483647;
			files = (
			);
			runOnlyForDeploymentPostprocessing = 0;
		};
/* End PBXResourcesBuildPhase section */

/* Begin PBXSourcesBuildPhase section */
		668E952E1EE357E40088280A /* Sources */ = {
			isa = PBXSourcesBuildPhase;
			buildActionMask = 2147483647;
			files = (
				668E95381EE357E40088280A /* ViewController.swift in Sources */,
				668E95361EE357E40088280A /* AppDelegate.swift in Sources */,
			);
			runOnlyForDeploymentPostprocessing = 0;
		};
		668E95421EE357E50088280A /* Sources */ = {
			isa = PBXSourcesBuildPhase;
			buildActionMask = 2147483647;
			files = (
				668E954B1EE357E50088280A /* HelloWorldTests.swift in Sources */,
			);
			runOnlyForDeploymentPostprocessing = 0;
		};
		668E954D1EE357E50088280A /* Sources */ = {
			isa = PBXSourcesBuildPhase;
			buildActionMask = 2147483647;
			files = (
				668E95561EE357E50088280A /* HelloWorldUITests.swift in Sources */,
			);
			runOnlyForDeploymentPostprocessing = 0;
		};
/* End PBXSourcesBuildPhase section */

/* Begin PBXTargetDependency section */
		668E95481EE357E50088280A /* PBXTargetDependency */ = {
			isa = PBXTargetDependency;
			target = 668E95311EE357E40088280A /* HelloWorld */;
			targetProxy = 668E95471EE357E50088280A /* PBXContainerItemProxy */;
		};
		668E95531EE357E50088280A /* PBXTargetDependency */ = {
			isa = PBXTargetDependency;
			target = 668E95311EE357E40088280A /* HelloWorld */;
			targetProxy = 668E95521EE357E50088280A /* PBXContainerItemProxy */;
		};
/* End PBXTargetDependency section */

/* Begin PBXVariantGroup section */
		668E95391EE357E40088280A /* Main.storyboard */ = {
			isa = PBXVariantGroup;
			children = (
				668E953A1EE357E40088280A /* Base */,
			);
			name = Main.storyboard;
			sourceTree = "<group>";
		};
		668E953E1EE357E50088280A /* LaunchScreen.storyboard */ = {
			isa = PBXVariantGroup;
			children = (
				668E953F1EE357E50088280A /* Base */,
			);
			name = LaunchScreen.storyboard;
			sourceTree = "<group>";
		};
/* End PBXVariantGroup section */

/* Begin XCBuildConfiguration section */
		668E95581EE357E50088280A /* Debug */ = {
			isa = XCBuildConfiguration;
			buildSettings = {
				ALWAYS_SEARCH_USER_PATHS = NO;
				CLANG_ANALYZER_NONNULL = YES;
				CLANG_ANALYZER_NUMBER_OBJECT_CONVERSION = YES_AGGRESSIVE;
				CLANG_CXX_LANGUAGE_STANDARD = "gnu++0x";
				CLANG_CXX_LIBRARY = "libc++";
				CLANG_ENABLE_MODULES = YES;
				CLANG_ENABLE_OBJC_ARC = YES;
				CLANG_WARN_BOOL_CONVERSION = YES;
				CLANG_WARN_CONSTANT_CONVERSION = YES;
				CLANG_WARN_DIRECT_OBJC_ISA_USAGE = YES_ERROR;
				CLANG_WARN_DOCUMENTATION_COMMENTS = YES;
				CLANG_WARN_EMPTY_BODY = YES;
				CLANG_WARN_ENUM_CONVERSION = YES;
				CLANG_WARN_INFINITE_RECURSION = YES;
				CLANG_WARN_INT_CONVERSION = YES;
				CLANG_WARN_OBJC_ROOT_CLASS = YES_ERROR;
				CLANG_WARN_SUSPICIOUS_MOVE = YES;
				CLANG_WARN_UNREACHABLE_CODE = YES;
				CLANG_WARN__DUPLICATE_METHOD_MATCH = YES;
				"CODE_SIGN_IDENTITY[sdk=iphoneos*]" = "iPhone Developer";
				COPY_PHASE_STRIP = NO;
				DEBUG_INFORMATION_FORMAT = dwarf;
				ENABLE_STRICT_OBJC_MSGSEND = YES;
				ENABLE_TESTABILITY = YES;
				GCC_C_LANGUAGE_STANDARD = gnu99;
				GCC_DYNAMIC_NO_PIC = NO;
				GCC_NO_COMMON_BLOCKS = YES;
				GCC_OPTIMIZATION_LEVEL = 0;
				GCC_PREPROCESSOR_DEFINITIONS = (
					"DEBUG=1",
					"$(inherited)",
				);
				GCC_WARN_64_TO_32_BIT_CONVERSION = YES;
				GCC_WARN_ABOUT_RETURN_TYPE = YES_ERROR;
				GCC_WARN_UNDECLARED_SELECTOR = YES;
				GCC_WARN_UNINITIALIZED_AUTOS = YES_AGGRESSIVE;
				GCC_WARN_UNUSED_FUNCTION = YES;
				GCC_WARN_UNUSED_VARIABLE = YES;
				IPHONEOS_DEPLOYMENT_TARGET = 10.3;
				MTL_ENABLE_DEBUG_INFO = YES;
				ONLY_ACTIVE_ARCH = YES;
				SDKROOT = iphoneos;
				SWIFT_ACTIVE_COMPILATION_CONDITIONS = DEBUG;
				SWIFT_OPTIMIZATION_LEVEL = "-Onone";
			};
			name = Debug;
		};
		668E95591EE357E50088280A /* Release */ = {
			isa = XCBuildConfiguration;
			buildSettings = {
				ALWAYS_SEARCH_USER_PATHS = NO;
				CLANG_ANALYZER_NONNULL = YES;
				CLANG_ANALYZER_NUMBER_OBJECT_CONVERSION = YES_AGGRESSIVE;
				CLANG_CXX_LANGUAGE_STANDARD = "gnu++0x";
				CLANG_CXX_LIBRARY = "libc++";
				CLANG_ENABLE_MODULES = YES;
				CLANG_ENABLE_OBJC_ARC = YES;
				CLANG_WARN_BOOL_CONVERSION = YES;
				CLANG_WARN_CONSTANT_CONVERSION = YES;
				CLANG_WARN_DIRECT_OBJC_ISA_USAGE = YES_ERROR;
				CLANG_WARN_DOCUMENTATION_COMMENTS = YES;
				CLANG_WARN_EMPTY_BODY = YES;
				CLANG_WARN_ENUM_CONVERSION = YES;
				CLANG_WARN_INFINITE_RECURSION = YES;
				CLANG_WARN_INT_CONVERSION = YES;
				CLANG_WARN_OBJC_ROOT_CLASS = YES_ERROR;
				CLANG_WARN_SUSPICIOUS_MOVE = YES;
				CLANG_WARN_UNREACHABLE_CODE = YES;
				CLANG_WARN__DUPLICATE_METHOD_MATCH = YES;
				"CODE_SIGN_IDENTITY[sdk=iphoneos*]" = "iPhone Developer";
				COPY_PHASE_STRIP = NO;
				DEBUG_INFORMATION_FORMAT = "dwarf-with-dsym";
				ENABLE_NS_ASSERTIONS = NO;
				ENABLE_STRICT_OBJC_MSGSEND = YES;
				GCC_C_LANGUAGE_STANDARD = gnu99;
				GCC_NO_COMMON_BLOCKS = YES;
				GCC_WARN_64_TO_32_BIT_CONVERSION = YES;
				GCC_WARN_ABOUT_RETURN_TYPE = YES_ERROR;
				GCC_WARN_UNDECLARED_SELECTOR = YES;
				GCC_WARN_UNINITIALIZED_AUTOS = YES_AGGRESSIVE;
				GCC_WARN_UNUSED_FUNCTION = YES;
				GCC_WARN_UNUSED_VARIABLE = YES;
				IPHONEOS_DEPLOYMENT_TARGET = 10.3;
				MTL_ENABLE_DEBUG_INFO = NO;
				SDKROOT = iphoneos;
				SWIFT_OPTIMIZATION_LEVEL = "-Owholemodule";
				VALIDATE_PRODUCT = YES;
			};
			name = Release;
		};
		668E955B1EE357E50088280A /* Debug */ = {
			isa = XCBuildConfiguration;
			buildSettings = {
				ASSETCATALOG_COMPILER_APPICON_NAME = AppIcon;
				INFOPLIST_FILE = HelloWorld/Info.plist;
				LD_RUNPATH_SEARCH_PATHS = "$(inherited) @executable_path/Frameworks";
				PRODUCT_BUNDLE_IDENTIFIER = com.rdconcepts.HelloWorld;
				PRODUCT_NAME = "$(TARGET_NAME)";
				SWIFT_VERSION = 3.0;
			};
			name = Debug;
		};
		668E955C1EE357E50088280A /* Release */ = {
			isa = XCBuildConfiguration;
			buildSettings = {
				ASSETCATALOG_COMPILER_APPICON_NAME = AppIcon;
				INFOPLIST_FILE = HelloWorld/Info.plist;
				LD_RUNPATH_SEARCH_PATHS = "$(inherited) @executable_path/Frameworks";
				PRODUCT_BUNDLE_IDENTIFIER = com.rdconcepts.HelloWorld;
				PRODUCT_NAME = "$(TARGET_NAME)";
				SWIFT_VERSION = 3.0;
			};
			name = Release;
		};
		668E955E1EE357E50088280A /* Debug */ = {
			isa = XCBuildConfiguration;
			buildSettings = {
				ALWAYS_EMBED_SWIFT_STANDARD_LIBRARIES = YES;
				BUNDLE_LOADER = "$(TEST_HOST)";
				INFOPLIST_FILE = HelloWorldTests/Info.plist;
				LD_RUNPATH_SEARCH_PATHS = "$(inherited) @executable_path/Frameworks @loader_path/Frameworks";
				PRODUCT_BUNDLE_IDENTIFIER = com.rdconcepts.HelloWorldTests;
				PRODUCT_NAME = "$(TARGET_NAME)";
				SWIFT_VERSION = 3.0;
				TEST_HOST = "$(BUILT_PRODUCTS_DIR)/HelloWorld.app/HelloWorld";
			};
			name = Debug;
		};
		668E955F1EE357E50088280A /* Release */ = {
			isa = XCBuildConfiguration;
			buildSettings = {
				ALWAYS_EMBED_SWIFT_STANDARD_LIBRARIES = YES;
				BUNDLE_LOADER = "$(TEST_HOST)";
				INFOPLIST_FILE = HelloWorldTests/Info.plist;
				LD_RUNPATH_SEARCH_PATHS = "$(inherited) @executable_path/Frameworks @loader_path/Frameworks";
				PRODUCT_BUNDLE_IDENTIFIER = com.rdconcepts.HelloWorldTests;
				PRODUCT_NAME = "$(TARGET_NAME)";
				SWIFT_VERSION = 3.0;
				TEST_HOST = "$(BUILT_PRODUCTS_DIR)/HelloWorld.app/HelloWorld";
			};
			name = Release;
		};
		668E95611EE357E50088280A /* Debug */ = {
			isa = XCBuildConfiguration;
			buildSettings = {
				ALWAYS_EMBED_SWIFT_STANDARD_LIBRARIES = YES;
				INFOPLIST_FILE = HelloWorldUITests/Info.plist;
				LD_RUNPATH_SEARCH_PATHS = "$(inherited) @executable_path/Frameworks @loader_path/Frameworks";
				PRODUCT_BUNDLE_IDENTIFIER = com.rdconcepts.HelloWorldUITests;
				PRODUCT_NAME = "$(TARGET_NAME)";
				SWIFT_VERSION = 3.0;
				TEST_TARGET_NAME = HelloWorld;
			};
			name = Debug;
		};
		668E95621EE357E50088280A /* Release */ = {
			isa = XCBuildConfiguration;
			buildSettings = {
				ALWAYS_EMBED_SWIFT_STANDARD_LIBRARIES = YES;
				INFOPLIST_FILE = HelloWorldUITests/Info.plist;
				LD_RUNPATH_SEARCH_PATHS = "$(inherited) @executable_path/Frameworks @loader_path/Frameworks";
				PRODUCT_BUNDLE_IDENTIFIER = com.rdconcepts.HelloWorldUITests;
				PRODUCT_NAME = "$(TARGET_NAME)";
				SWIFT_VERSION = 3.0;
				TEST_TARGET_NAME = HelloWorld;
			};
			name = Release;
		};
/* End XCBuildConfiguration section */

/* Begin XCConfigurationList section */
		668E952D1EE357E40088280A /* Build configuration list for PBXProject "HelloWorld" */ = {
			isa = XCConfigurationList;
			buildConfigurations = (
				668E95581EE357E50088280A /* Debug */,
				668E95591EE357E50088280A /* Release */,
			);
			defaultConfigurationIsVisible = 0;
			defaultConfigurationName = Release;
		};
		668E955A1EE357E50088280A /* Build configuration list for PBXNativeTarget "HelloWorld" */ = {
			isa = XCConfigurationList;
			buildConfigurations = (
				668E955B1EE357E50088280A /* Debug */,
				668E955C1EE357E50088280A /* Release */,
			);
			defaultConfigurationIsVisible = 0;
		};
		668E955D1EE357E50088280A /* Build configuration list for PBXNativeTarget "HelloWorldTests" */ = {
			isa = XCConfigurationList;
			buildConfigurations = (
				668E955E1EE357E50088280A /* Debug */,
				668E955F1EE357E50088280A /* Release */,
			);
			defaultConfigurationIsVisible = 0;
		};
		668E95601EE357E50088280A /* Build configuration list for PBXNativeTarget "HelloWorldUITests" */ = {
			isa = XCConfigurationList;
			buildConfigurations = (
				668E95611EE357E50088280A /* Debug */,
				668E95621EE357E50088280A /* Release */,
			);
			defaultConfigurationIsVisible = 0;
		};
/* End XCConfigurationList section */
	};
	rootObject = 668E952A1EE357E40088280A /* Project object */;
}
